
Microsoft Visual Studio Solution File, Format Version 12.00
# Visual Studio Version 17
VisualStudioVersion = 17.8.34330.188
MinimumVisualStudioVersion = 10.0.40219.1
Project("{8BC9CEB8-8B4A-11D0-8D11-00A0C91BC942}") = "ImageProcessingCPP", "ImageProcessingCPP.vcxproj", "{E6D8D514-C2C8-4E01-8D95-14379EAE7FD2}"
EndProject
Global
	GlobalSection(SolutionConfigurationPlatforms) = preSolution
		Debug|x64 = Debug|x64
		Debug|x86 = Debug|x86
		Release|x64 = Release|x64
		Release|x86 = Release|x86
	EndGlobalSection
	GlobalSection(ProjectConfigurationPlatforms) = postSolution
		{E6D8D514-C2C8-4E01-8D95-14379EAE7FD2}.Debug|x64.ActiveCfg = Debug|x64
		{E6D8D514-C2C8-4E01-8D95-14379EAE7FD2}.Debug|x64.Build.0 = Debug|x64
		{E6D8D514-C2C8-4E01-8D95-14379EAE7FD2}.Debug|x86.ActiveCfg = Debug|Win32
		{E6D8D514-C2C8-4E01-8D95-14379EAE7FD2}.Debug|x86.Build.0 = Debug|Win32
		{E6D8D514-C2C8-4E01-8D95-14379EAE7FD2}.Release|x64.ActiveCfg = Release|x64
		{E6D8D514-C2C8-4E01-8D95-14379EAE7FD2}.Release|x64.Build.0 = Release|x64
		{E6D8D514-C2C8-4E01-8D95-14379EAE7FD2}.Release|x86.ActiveCfg = Release|Win32
		{E6D8D514-C2C8-4E01-8D95-14379EAE7FD2}.Release|x86.Build.0 = Release|Win32
	EndGlobalSection
	GlobalSection(SolutionProperties) = preSolution
		HideSolutionNode = FALSE
	EndGlobalSection
	GlobalSection(ExtensibilityGlobals) = postSolution
		SolutionGuid = {C86F6D6C-A3B0-457C-AF46-AE7402A26A90}
	EndGlobalSection
EndGlobal
